
Microsoft Visual Studio Solution File, Format Version 12.00
# Visual Studio Version 16
VisualStudioVersion = 16.0.29613.14
MinimumVisualStudioVersion = 10.0.40219.1
Project("{FAE04EC0-301F-11D3-BF4B-00C04F79EFBC}") = "TipCalculator", "TipCalculator\TipCalculator.csproj", "{5CC97030-59D8-4D8E-BD13-4112F4C204F7}"
EndProject
Global
	GlobalSection(SolutionConfigurationPlatforms) = preSolution
		Debug|Any CPU = Debug|Any CPU
		Release|Any CPU = Release|Any CPU
	EndGlobalSection
	GlobalSection(ProjectConfigurationPlatforms) = postSolution
		{5CC97030-59D8-4D8E-BD13-4112F4C204F7}.Debug|Any CPU.ActiveCfg = Debug|Any CPU
		{5CC97030-59D8-4D8E-BD13-4112F4C204F7}.Debug|Any CPU.Build.0 = Debug|Any CPU
		{5CC97030-59D8-4D8E-BD13-4112F4C204F7}.Release|Any CPU.ActiveCfg = Release|Any CPU
		{5CC97030-59D8-4D8E-BD13-4112F4C204F7}.Release|Any CPU.Build.0 = Release|Any CPU
	EndGlobalSection
	GlobalSection(SolutionProperties) = preSolution
		HideSolutionNode = FALSE
	EndGlobalSection
	GlobalSection(ExtensibilityGlobals) = postSolution
		SolutionGuid = {08C4DFA4-054B-4D27-AF80-857219CC11BB}
	EndGlobalSection
EndGlobal
